// !$*UTF8*$!
{
	archiveVersion = 1;
	classes = {
	};
	objectVersion = 50;
	objects = {

/* Begin PBXBuildFile section */
		55002D522374520E00DC2A45 /* AppDelegate.swift in Sources */ = {isa = PBXBuildFile; fileRef = 55002D512374520E00DC2A45 /* AppDelegate.swift */; };
		55002D542374520E00DC2A45 /* SceneDelegate.swift in Sources */ = {isa = PBXBuildFile; fileRef = 55002D532374520E00DC2A45 /* SceneDelegate.swift */; };
		55002D562374520E00DC2A45 /* ContentView.swift in Sources */ = {isa = PBXBuildFile; fileRef = 55002D552374520E00DC2A45 /* ContentView.swift */; };
		55002D582374521000DC2A45 /* Assets.xcassets in Resources */ = {isa = PBXBuildFile; fileRef = 55002D572374521000DC2A45 /* Assets.xcassets */; };
		55002D5B2374521000DC2A45 /* Preview Assets.xcassets in Resources */ = {isa = PBXBuildFile; fileRef = 55002D5A2374521000DC2A45 /* Preview Assets.xcassets */; };
		55002D5E2374521000DC2A45 /* LaunchScreen.storyboard in Resources */ = {isa = PBXBuildFile; fileRef = 55002D5C2374521000DC2A45 /* LaunchScreen.storyboard */; };
		55002D692374521000DC2A45 /* FilterHB2Tests.swift in Sources */ = {isa = PBXBuildFile; fileRef = 55002D682374521000DC2A45 /* FilterHB2Tests.swift */; };
		55C874FD23745CC000028263 /* RSSFetcher.swift in Sources */ = {isa = PBXBuildFile; fileRef = 55C874FC23745CC000028263 /* RSSFetcher.swift */; };
		55C874FF23745E0300028263 /* RSSFetchable.swift in Sources */ = {isa = PBXBuildFile; fileRef = 55C874FE23745E0300028263 /* RSSFetchable.swift */; };
		55C8750223745E6F00028263 /* RSSError.swift in Sources */ = {isa = PBXBuildFile; fileRef = 55C8750123745E6F00028263 /* RSSError.swift */; };
		55C8750A2374638700028263 /* .swiftlint.yml in Resources */ = {isa = PBXBuildFile; fileRef = 55C875092374638700028263 /* .swiftlint.yml */; };
		55C8750E23746E7100028263 /* RSSItem.swift in Sources */ = {isa = PBXBuildFile; fileRef = 55C8750D23746E7100028263 /* RSSItem.swift */; };
		55C8751023746EFF00028263 /* HatenaRSSList.swift in Sources */ = {isa = PBXBuildFile; fileRef = 55C8750F23746EFF00028263 /* HatenaRSSList.swift */; };
/* End PBXBuildFile section */

/* Begin PBXContainerItemProxy section */
		55002D652374521000DC2A45 /* PBXContainerItemProxy */ = {
			isa = PBXContainerItemProxy;
			containerPortal = 55002D462374520E00DC2A45 /* Project object */;
			proxyType = 1;
			remoteGlobalIDString = 55002D4D2374520E00DC2A45;
			remoteInfo = FilterHB2;
		};
/* End PBXContainerItemProxy section */

/* Begin PBXFileReference section */
		55002D4E2374520E00DC2A45 /* FilterHB2.app */ = {isa = PBXFileReference; explicitFileType = wrapper.application; includeInIndex = 0; path = FilterHB2.app; sourceTree = BUILT_PRODUCTS_DIR; };
		55002D512374520E00DC2A45 /* AppDelegate.swift */ = {isa = PBXFileReference; lastKnownFileType = sourcecode.swift; path = AppDelegate.swift; sourceTree = "<group>"; };
		55002D532374520E00DC2A45 /* SceneDelegate.swift */ = {isa = PBXFileReference; lastKnownFileType = sourcecode.swift; path = SceneDelegate.swift; sourceTree = "<group>"; };
		55002D552374520E00DC2A45 /* ContentView.swift */ = {isa = PBXFileReference; lastKnownFileType = sourcecode.swift; path = ContentView.swift; sourceTree = "<group>"; };
		55002D572374521000DC2A45 /* Assets.xcassets */ = {isa = PBXFileReference; lastKnownFileType = folder.assetcatalog; path = Assets.xcassets; sourceTree = "<group>"; };
		55002D5A2374521000DC2A45 /* Preview Assets.xcassets */ = {isa = PBXFileReference; lastKnownFileType = folder.assetcatalog; path = "Preview Assets.xcassets"; sourceTree = "<group>"; };
		55002D5D2374521000DC2A45 /* Base */ = {isa = PBXFileReference; lastKnownFileType = file.storyboard; name = Base; path = Base.lproj/LaunchScreen.storyboard; sourceTree = "<group>"; };
		55002D5F2374521000DC2A45 /* Info.plist */ = {isa = PBXFileReference; lastKnownFileType = text.plist.xml; path = Info.plist; sourceTree = "<group>"; };
		55002D642374521000DC2A45 /* FilterHB2Tests.xctest */ = {isa = PBXFileReference; explicitFileType = wrapper.cfbundle; includeInIndex = 0; path = FilterHB2Tests.xctest; sourceTree = BUILT_PRODUCTS_DIR; };
		55002D682374521000DC2A45 /* FilterHB2Tests.swift */ = {isa = PBXFileReference; lastKnownFileType = sourcecode.swift; path = FilterHB2Tests.swift; sourceTree = "<group>"; };
		55002D6A2374521000DC2A45 /* Info.plist */ = {isa = PBXFileReference; lastKnownFileType = text.plist.xml; path = Info.plist; sourceTree = "<group>"; };
		55C874FC23745CC000028263 /* RSSFetcher.swift */ = {isa = PBXFileReference; lastKnownFileType = sourcecode.swift; path = RSSFetcher.swift; sourceTree = "<group>"; };
		55C874FE23745E0300028263 /* RSSFetchable.swift */ = {isa = PBXFileReference; lastKnownFileType = sourcecode.swift; path = RSSFetchable.swift; sourceTree = "<group>"; };
		55C8750123745E6F00028263 /* RSSError.swift */ = {isa = PBXFileReference; lastKnownFileType = sourcecode.swift; path = RSSError.swift; sourceTree = "<group>"; };
		55C875092374638700028263 /* .swiftlint.yml */ = {isa = PBXFileReference; fileEncoding = 4; lastKnownFileType = text.yaml; name = .swiftlint.yml; path = FilterHB2/.swiftlint.yml; sourceTree = "<group>"; };
		55C8750D23746E7100028263 /* RSSItem.swift */ = {isa = PBXFileReference; lastKnownFileType = sourcecode.swift; path = RSSItem.swift; sourceTree = "<group>"; };
		55C8750F23746EFF00028263 /* HatenaRSSList.swift */ = {isa = PBXFileReference; lastKnownFileType = sourcecode.swift; path = HatenaRSSList.swift; sourceTree = "<group>"; };
/* End PBXFileReference section */

/* Begin PBXFrameworksBuildPhase section */
		55002D4B2374520E00DC2A45 /* Frameworks */ = {
			isa = PBXFrameworksBuildPhase;
			buildActionMask = 2147483647;
			files = (
			);
			runOnlyForDeploymentPostprocessing = 0;
		};
		55002D612374521000DC2A45 /* Frameworks */ = {
			isa = PBXFrameworksBuildPhase;
			buildActionMask = 2147483647;
			files = (
			);
			runOnlyForDeploymentPostprocessing = 0;
		};
/* End PBXFrameworksBuildPhase section */

/* Begin PBXGroup section */
		55002D452374520E00DC2A45 = {
			isa = PBXGroup;
			children = (
				55C875092374638700028263 /* .swiftlint.yml */,
				55002D502374520E00DC2A45 /* FilterHB2 */,
				55002D672374521000DC2A45 /* FilterHB2Tests */,
				55002D4F2374520E00DC2A45 /* Products */,
			);
			sourceTree = "<group>";
		};
		55002D4F2374520E00DC2A45 /* Products */ = {
			isa = PBXGroup;
			children = (
				55002D4E2374520E00DC2A45 /* FilterHB2.app */,
				55002D642374521000DC2A45 /* FilterHB2Tests.xctest */,
			);
			name = Products;
			sourceTree = "<group>";
		};
		55002D502374520E00DC2A45 /* FilterHB2 */ = {
			isa = PBXGroup;
			children = (
				55CE06E523746FE70069C9BC /* Resources */,
				55C8750523745E8C00028263 /* Views */,
				55C8750423745E8600028263 /* ViewModels */,
				55C8750323745E7F00028263 /* Utils */,
				55C874FA23745C9000028263 /* Models */,
				55C874F923745BB500028263 /* Protocols */,
				55002D512374520E00DC2A45 /* AppDelegate.swift */,
				55002D532374520E00DC2A45 /* SceneDelegate.swift */,
				55002D572374521000DC2A45 /* Assets.xcassets */,
				55002D5F2374521000DC2A45 /* Info.plist */,
				55002D592374521000DC2A45 /* Preview Content */,
			);
			path = FilterHB2;
			sourceTree = "<group>";
		};
		55002D592374521000DC2A45 /* Preview Content */ = {
			isa = PBXGroup;
			children = (
				55002D5A2374521000DC2A45 /* Preview Assets.xcassets */,
			);
			path = "Preview Content";
			sourceTree = "<group>";
		};
		55002D672374521000DC2A45 /* FilterHB2Tests */ = {
			isa = PBXGroup;
			children = (
				55002D682374521000DC2A45 /* FilterHB2Tests.swift */,
				55002D6A2374521000DC2A45 /* Info.plist */,
			);
			path = FilterHB2Tests;
			sourceTree = "<group>";
		};
		55C874F923745BB500028263 /* Protocols */ = {
			isa = PBXGroup;
			children = (
				55C874FE23745E0300028263 /* RSSFetchable.swift */,
			);
			path = Protocols;
			sourceTree = "<group>";
		};
		55C874FA23745C9000028263 /* Models */ = {
			isa = PBXGroup;
			children = (
				55C8750C23746E5700028263 /* Entities */,
			);
			path = Models;
			sourceTree = "<group>";
		};
		55C874FB23745C9A00028263 /* RSS */ = {
			isa = PBXGroup;
			children = (
				55C874FC23745CC000028263 /* RSSFetcher.swift */,
				55C8750F23746EFF00028263 /* HatenaRSSList.swift */,
			);
			path = RSS;
			sourceTree = "<group>";
		};
		55C8750023745E5400028263 /* Errors */ = {
			isa = PBXGroup;
			children = (
				55C8750123745E6F00028263 /* RSSError.swift */,
			);
			path = Errors;
			sourceTree = "<group>";
		};
		55C8750323745E7F00028263 /* Utils */ = {
			isa = PBXGroup;
			children = (
				55C8750023745E5400028263 /* Errors */,
				55C874FB23745C9A00028263 /* RSS */,
			);
			path = Utils;
			sourceTree = "<group>";
		};
		55C8750423745E8600028263 /* ViewModels */ = {
			isa = PBXGroup;
			children = (
			);
			path = ViewModels;
			sourceTree = "<group>";
		};
		55C8750523745E8C00028263 /* Views */ = {
			isa = PBXGroup;
			children = (
				55002D552374520E00DC2A45 /* ContentView.swift */,
			);
			path = Views;
			sourceTree = "<group>";
		};
		55C8750C23746E5700028263 /* Entities */ = {
			isa = PBXGroup;
			children = (
				55C8750D23746E7100028263 /* RSSItem.swift */,
			);
			path = Entities;
			sourceTree = "<group>";
		};
		55CE06E523746FE70069C9BC /* Resources */ = {
			isa = PBXGroup;
			children = (
				55002D5C2374521000DC2A45 /* LaunchScreen.storyboard */,
			);
			path = Resources;
			sourceTree = "<group>";
		};
/* End PBXGroup section */

/* Begin PBXNativeTarget section */
		55002D4D2374520E00DC2A45 /* FilterHB2 */ = {
			isa = PBXNativeTarget;
			buildConfigurationList = 55002D6D2374521000DC2A45 /* Build configuration list for PBXNativeTarget "FilterHB2" */;
			buildPhases = (
				55002D4A2374520E00DC2A45 /* Sources */,
				55002D4B2374520E00DC2A45 /* Frameworks */,
				55002D4C2374520E00DC2A45 /* Resources */,
				55C8750B2374639A00028263 /* ShellScript */,
			);
			buildRules = (
			);
			dependencies = (
			);
			name = FilterHB2;
			productName = FilterHB2;
			productReference = 55002D4E2374520E00DC2A45 /* FilterHB2.app */;
			productType = "com.apple.product-type.application";
		};
		55002D632374521000DC2A45 /* FilterHB2Tests */ = {
			isa = PBXNativeTarget;
			buildConfigurationList = 55002D702374521000DC2A45 /* Build configuration list for PBXNativeTarget "FilterHB2Tests" */;
			buildPhases = (
				55002D602374521000DC2A45 /* Sources */,
				55002D612374521000DC2A45 /* Frameworks */,
				55002D622374521000DC2A45 /* Resources */,
			);
			buildRules = (
			);
			dependencies = (
				55002D662374521000DC2A45 /* PBXTargetDependency */,
			);
			name = FilterHB2Tests;
			productName = FilterHB2Tests;
			productReference = 55002D642374521000DC2A45 /* FilterHB2Tests.xctest */;
			productType = "com.apple.product-type.bundle.unit-test";
		};
/* End PBXNativeTarget section */

/* Begin PBXProject section */
		55002D462374520E00DC2A45 /* Project object */ = {
			isa = PBXProject;
			attributes = {
				LastSwiftUpdateCheck = 1120;
				LastUpgradeCheck = 1120;
				ORGANIZATIONNAME = "田辺信之";
				TargetAttributes = {
					55002D4D2374520E00DC2A45 = {
						CreatedOnToolsVersion = 11.2;
					};
					55002D632374521000DC2A45 = {
						CreatedOnToolsVersion = 11.2;
						TestTargetID = 55002D4D2374520E00DC2A45;
					};
				};
			};
			buildConfigurationList = 55002D492374520E00DC2A45 /* Build configuration list for PBXProject "FilterHB2" */;
			compatibilityVersion = "Xcode 9.3";
			developmentRegion = en;
			hasScannedForEncodings = 0;
			knownRegions = (
				en,
				Base,
			);
			mainGroup = 55002D452374520E00DC2A45;
			productRefGroup = 55002D4F2374520E00DC2A45 /* Products */;
			projectDirPath = "";
			projectRoot = "";
			targets = (
				55002D4D2374520E00DC2A45 /* FilterHB2 */,
				55002D632374521000DC2A45 /* FilterHB2Tests */,
			);
		};
/* End PBXProject section */

/* Begin PBXResourcesBuildPhase section */
		55002D4C2374520E00DC2A45 /* Resources */ = {
			isa = PBXResourcesBuildPhase;
			buildActionMask = 2147483647;
			files = (
				55C8750A2374638700028263 /* .swiftlint.yml in Resources */,
				55002D5E2374521000DC2A45 /* LaunchScreen.storyboard in Resources */,
				55002D5B2374521000DC2A45 /* Preview Assets.xcassets in Resources */,
				55002D582374521000DC2A45 /* Assets.xcassets in Resources */,
			);
			runOnlyForDeploymentPostprocessing = 0;
		};
		55002D622374521000DC2A45 /* Resources */ = {
			isa = PBXResourcesBuildPhase;
			buildActionMask = 2147483647;
			files = (
			);
			runOnlyForDeploymentPostprocessing = 0;
		};
/* End PBXResourcesBuildPhase section */

/* Begin PBXShellScriptBuildPhase section */
		55C8750B2374639A00028263 /* ShellScript */ = {
			isa = PBXShellScriptBuildPhase;
			buildActionMask = 2147483647;
			files = (
			);
			inputFileListPaths = (
			);
			inputPaths = (
			);
			outputFileListPaths = (
			);
			outputPaths = (
			);
			runOnlyForDeploymentPostprocessing = 0;
			shellPath = /bin/sh;
			shellScript = "# Type a script or drag a script file from your workspace to insert its path.\nif which swiftlint >/dev/null; then\n    swiftlint autocorrect --format\n    swiftlint\nelse\n    echo \"SwiftLint does not exist, download from https://github.com/realm/SwiftLint\"\nfi\n";
		};
/* End PBXShellScriptBuildPhase section */

/* Begin PBXSourcesBuildPhase section */
		55002D4A2374520E00DC2A45 /* Sources */ = {
			isa = PBXSourcesBuildPhase;
			buildActionMask = 2147483647;
			files = (
				55C874FF23745E0300028263 /* RSSFetchable.swift in Sources */,
				55C8750223745E6F00028263 /* RSSError.swift in Sources */,
				55C8750E23746E7100028263 /* RSSItem.swift in Sources */,
				55C8751023746EFF00028263 /* HatenaRSSList.swift in Sources */,
				55C874FD23745CC000028263 /* RSSFetcher.swift in Sources */,
				55002D522374520E00DC2A45 /* AppDelegate.swift in Sources */,
				55002D542374520E00DC2A45 /* SceneDelegate.swift in Sources */,
				55002D562374520E00DC2A45 /* ContentView.swift in Sources */,
			);
			runOnlyForDeploymentPostprocessing = 0;
		};
		55002D602374521000DC2A45 /* Sources */ = {
			isa = PBXSourcesBuildPhase;
			buildActionMask = 2147483647;
			files = (
				55002D692374521000DC2A45 /* FilterHB2Tests.swift in Sources */,
			);
			runOnlyForDeploymentPostprocessing = 0;
		};
/* End PBXSourcesBuildPhase section */

/* Begin PBXTargetDependency section */
		55002D662374521000DC2A45 /* PBXTargetDependency */ = {
			isa = PBXTargetDependency;
			target = 55002D4D2374520E00DC2A45 /* FilterHB2 */;
			targetProxy = 55002D652374521000DC2A45 /* PBXContainerItemProxy */;
		};
/* End PBXTargetDependency section */

/* Begin PBXVariantGroup section */
		55002D5C2374521000DC2A45 /* LaunchScreen.storyboard */ = {
			isa = PBXVariantGroup;
			children = (
				55002D5D2374521000DC2A45 /* Base */,
			);
			name = LaunchScreen.storyboard;
			sourceTree = "<group>";
		};
/* End PBXVariantGroup section */

/* Begin XCBuildConfiguration section */
		55002D6B2374521000DC2A45 /* Debug */ = {
			isa = XCBuildConfiguration;
			buildSettings = {
				ALWAYS_SEARCH_USER_PATHS = NO;
				CLANG_ANALYZER_NONNULL = YES;
				CLANG_ANALYZER_NUMBER_OBJECT_CONVERSION = YES_AGGRESSIVE;
				CLANG_CXX_LANGUAGE_STANDARD = "gnu++14";
				CLANG_CXX_LIBRARY = "libc++";
				CLANG_ENABLE_MODULES = YES;
				CLANG_ENABLE_OBJC_ARC = YES;
				CLANG_ENABLE_OBJC_WEAK = YES;
				CLANG_WARN_BLOCK_CAPTURE_AUTORELEASING = YES;
				CLANG_WARN_BOOL_CONVERSION = YES;
				CLANG_WARN_COMMA = YES;
				CLANG_WARN_CONSTANT_CONVERSION = YES;
				CLANG_WARN_DEPRECATED_OBJC_IMPLEMENTATIONS = YES;
				CLANG_WARN_DIRECT_OBJC_ISA_USAGE = YES_ERROR;
				CLANG_WARN_DOCUMENTATION_COMMENTS = YES;
				CLANG_WARN_EMPTY_BODY = YES;
				CLANG_WARN_ENUM_CONVERSION = YES;
				CLANG_WARN_INFINITE_RECURSION = YES;
				CLANG_WARN_INT_CONVERSION = YES;
				CLANG_WARN_NON_LITERAL_NULL_CONVERSION = YES;
				CLANG_WARN_OBJC_IMPLICIT_RETAIN_SELF = YES;
				CLANG_WARN_OBJC_LITERAL_CONVERSION = YES;
				CLANG_WARN_OBJC_ROOT_CLASS = YES_ERROR;
				CLANG_WARN_RANGE_LOOP_ANALYSIS = YES;
				CLANG_WARN_STRICT_PROTOTYPES = YES;
				CLANG_WARN_SUSPICIOUS_MOVE = YES;
				CLANG_WARN_UNGUARDED_AVAILABILITY = YES_AGGRESSIVE;
				CLANG_WARN_UNREACHABLE_CODE = YES;
				CLANG_WARN__DUPLICATE_METHOD_MATCH = YES;
				COPY_PHASE_STRIP = NO;
				DEBUG_INFORMATION_FORMAT = dwarf;
				ENABLE_STRICT_OBJC_MSGSEND = YES;
				ENABLE_TESTABILITY = YES;
				GCC_C_LANGUAGE_STANDARD = gnu11;
				GCC_DYNAMIC_NO_PIC = NO;
				GCC_NO_COMMON_BLOCKS = YES;
				GCC_OPTIMIZATION_LEVEL = 0;
				GCC_PREPROCESSOR_DEFINITIONS = (
					"DEBUG=1",
					"$(inherited)",
				);
				GCC_WARN_64_TO_32_BIT_CONVERSION = YES;
				GCC_WARN_ABOUT_RETURN_TYPE = YES_ERROR;
				GCC_WARN_UNDECLARED_SELECTOR = YES;
				GCC_WARN_UNINITIALIZED_AUTOS = YES_AGGRESSIVE;
				GCC_WARN_UNUSED_FUNCTION = YES;
				GCC_WARN_UNUSED_VARIABLE = YES;
				IPHONEOS_DEPLOYMENT_TARGET = 13.2;
				MTL_ENABLE_DEBUG_INFO = INCLUDE_SOURCE;
				MTL_FAST_MATH = YES;
				ONLY_ACTIVE_ARCH = YES;
				SDKROOT = iphoneos;
				SWIFT_ACTIVE_COMPILATION_CONDITIONS = DEBUG;
				SWIFT_OPTIMIZATION_LEVEL = "-Onone";
			};
			name = Debug;
		};
		55002D6C2374521000DC2A45 /* Release */ = {
			isa = XCBuildConfiguration;
			buildSettings = {
				ALWAYS_SEARCH_USER_PATHS = NO;
				CLANG_ANALYZER_NONNULL = YES;
				CLANG_ANALYZER_NUMBER_OBJECT_CONVERSION = YES_AGGRESSIVE;
				CLANG_CXX_LANGUAGE_STANDARD = "gnu++14";
				CLANG_CXX_LIBRARY = "libc++";
				CLANG_ENABLE_MODULES = YES;
				CLANG_ENABLE_OBJC_ARC = YES;
				CLANG_ENABLE_OBJC_WEAK = YES;
				CLANG_WARN_BLOCK_CAPTURE_AUTORELEASING = YES;
				CLANG_WARN_BOOL_CONVERSION = YES;
				CLANG_WARN_COMMA = YES;
				CLANG_WARN_CONSTANT_CONVERSION = YES;
				CLANG_WARN_DEPRECATED_OBJC_IMPLEMENTATIONS = YES;
				CLANG_WARN_DIRECT_OBJC_ISA_USAGE = YES_ERROR;
				CLANG_WARN_DOCUMENTATION_COMMENTS = YES;
				CLANG_WARN_EMPTY_BODY = YES;
				CLANG_WARN_ENUM_CONVERSION = YES;
				CLANG_WARN_INFINITE_RECURSION = YES;
				CLANG_WARN_INT_CONVERSION = YES;
				CLANG_WARN_NON_LITERAL_NULL_CONVERSION = YES;
				CLANG_WARN_OBJC_IMPLICIT_RETAIN_SELF = YES;
				CLANG_WARN_OBJC_LITERAL_CONVERSION = YES;
				CLANG_WARN_OBJC_ROOT_CLASS = YES_ERROR;
				CLANG_WARN_RANGE_LOOP_ANALYSIS = YES;
				CLANG_WARN_STRICT_PROTOTYPES = YES;
				CLANG_WARN_SUSPICIOUS_MOVE = YES;
				CLANG_WARN_UNGUARDED_AVAILABILITY = YES_AGGRESSIVE;
				CLANG_WARN_UNREACHABLE_CODE = YES;
				CLANG_WARN__DUPLICATE_METHOD_MATCH = YES;
				COPY_PHASE_STRIP = NO;
				DEBUG_INFORMATION_FORMAT = "dwarf-with-dsym";
				ENABLE_NS_ASSERTIONS = NO;
				ENABLE_STRICT_OBJC_MSGSEND = YES;
				GCC_C_LANGUAGE_STANDARD = gnu11;
				GCC_NO_COMMON_BLOCKS = YES;
				GCC_WARN_64_TO_32_BIT_CONVERSION = YES;
				GCC_WARN_ABOUT_RETURN_TYPE = YES_ERROR;
				GCC_WARN_UNDECLARED_SELECTOR = YES;
				GCC_WARN_UNINITIALIZED_AUTOS = YES_AGGRESSIVE;
				GCC_WARN_UNUSED_FUNCTION = YES;
				GCC_WARN_UNUSED_VARIABLE = YES;
				IPHONEOS_DEPLOYMENT_TARGET = 13.2;
				MTL_ENABLE_DEBUG_INFO = NO;
				MTL_FAST_MATH = YES;
				SDKROOT = iphoneos;
				SWIFT_COMPILATION_MODE = wholemodule;
				SWIFT_OPTIMIZATION_LEVEL = "-O";
				VALIDATE_PRODUCT = YES;
			};
			name = Release;
		};
		55002D6E2374521000DC2A45 /* Debug */ = {
			isa = XCBuildConfiguration;
			buildSettings = {
				ASSETCATALOG_COMPILER_APPICON_NAME = AppIcon;
				CODE_SIGN_STYLE = Automatic;
				DEVELOPMENT_ASSET_PATHS = "\"FilterHB2/Preview Content\"";
				DEVELOPMENT_TEAM = 77M5H986MA;
				ENABLE_PREVIEWS = YES;
				INFOPLIST_FILE = FilterHB2/Info.plist;
				LD_RUNPATH_SEARCH_PATHS = (
					"$(inherited)",
					"@executable_path/Frameworks",
				);
				PRODUCT_BUNDLE_IDENTIFIER = "com.t--nabe.FilterHB2";
				PRODUCT_NAME = "$(TARGET_NAME)";
				SWIFT_VERSION = 5.0;
				TARGETED_DEVICE_FAMILY = "1,2";
			};
			name = Debug;
		};
		55002D6F2374521000DC2A45 /* Release */ = {
			isa = XCBuildConfiguration;
			buildSettings = {
				ASSETCATALOG_COMPILER_APPICON_NAME = AppIcon;
				CODE_SIGN_STYLE = Automatic;
				DEVELOPMENT_ASSET_PATHS = "\"FilterHB2/Preview Content\"";
				DEVELOPMENT_TEAM = 77M5H986MA;
				ENABLE_PREVIEWS = YES;
				INFOPLIST_FILE = FilterHB2/Info.plist;
				LD_RUNPATH_SEARCH_PATHS = (
					"$(inherited)",
					"@executable_path/Frameworks",
				);
				PRODUCT_BUNDLE_IDENTIFIER = "com.t--nabe.FilterHB2";
				PRODUCT_NAME = "$(TARGET_NAME)";
				SWIFT_VERSION = 5.0;
				TARGETED_DEVICE_FAMILY = "1,2";
			};
			name = Release;
		};
		55002D712374521000DC2A45 /* Debug */ = {
			isa = XCBuildConfiguration;
			buildSettings = {
				ALWAYS_EMBED_SWIFT_STANDARD_LIBRARIES = YES;
				BUNDLE_LOADER = "$(TEST_HOST)";
				CODE_SIGN_STYLE = Automatic;
				DEVELOPMENT_TEAM = 77M5H986MA;
				INFOPLIST_FILE = FilterHB2Tests/Info.plist;
				IPHONEOS_DEPLOYMENT_TARGET = 13.2;
				LD_RUNPATH_SEARCH_PATHS = (
					"$(inherited)",
					"@executable_path/Frameworks",
					"@loader_path/Frameworks",
				);
				PRODUCT_BUNDLE_IDENTIFIER = "com.t--nabe.FilterHB2Tests";
				PRODUCT_NAME = "$(TARGET_NAME)";
				SWIFT_VERSION = 5.0;
				TARGETED_DEVICE_FAMILY = "1,2";
				TEST_HOST = "$(BUILT_PRODUCTS_DIR)/FilterHB2.app/FilterHB2";
			};
			name = Debug;
		};
		55002D722374521000DC2A45 /* Release */ = {
			isa = XCBuildConfiguration;
			buildSettings = {
				ALWAYS_EMBED_SWIFT_STANDARD_LIBRARIES = YES;
				BUNDLE_LOADER = "$(TEST_HOST)";
				CODE_SIGN_STYLE = Automatic;
				DEVELOPMENT_TEAM = 77M5H986MA;
				INFOPLIST_FILE = FilterHB2Tests/Info.plist;
				IPHONEOS_DEPLOYMENT_TARGET = 13.2;
				LD_RUNPATH_SEARCH_PATHS = (
					"$(inherited)",
					"@executable_path/Frameworks",
					"@loader_path/Frameworks",
				);
				PRODUCT_BUNDLE_IDENTIFIER = "com.t--nabe.FilterHB2Tests";
				PRODUCT_NAME = "$(TARGET_NAME)";
				SWIFT_VERSION = 5.0;
				TARGETED_DEVICE_FAMILY = "1,2";
				TEST_HOST = "$(BUILT_PRODUCTS_DIR)/FilterHB2.app/FilterHB2";
			};
			name = Release;
		};
/* End XCBuildConfiguration section */

/* Begin XCConfigurationList section */
		55002D492374520E00DC2A45 /* Build configuration list for PBXProject "FilterHB2" */ = {
			isa = XCConfigurationList;
			buildConfigurations = (
				55002D6B2374521000DC2A45 /* Debug */,
				55002D6C2374521000DC2A45 /* Release */,
			);
			defaultConfigurationIsVisible = 0;
			defaultConfigurationName = Release;
		};
		55002D6D2374521000DC2A45 /* Build configuration list for PBXNativeTarget "FilterHB2" */ = {
			isa = XCConfigurationList;
			buildConfigurations = (
				55002D6E2374521000DC2A45 /* Debug */,
				55002D6F2374521000DC2A45 /* Release */,
			);
			defaultConfigurationIsVisible = 0;
			defaultConfigurationName = Release;
		};
		55002D702374521000DC2A45 /* Build configuration list for PBXNativeTarget "FilterHB2Tests" */ = {
			isa = XCConfigurationList;
			buildConfigurations = (
				55002D712374521000DC2A45 /* Debug */,
				55002D722374521000DC2A45 /* Release */,
			);
			defaultConfigurationIsVisible = 0;
			defaultConfigurationName = Release;
		};
/* End XCConfigurationList section */
	};
	rootObject = 55002D462374520E00DC2A45 /* Project object */;
}
